
Microsoft Visual Studio Solution File, Format Version 12.00
# Visual Studio Version 17
VisualStudioVersion = 17.14.36221.1 d17.14
MinimumVisualStudioVersion = 10.0.40219.1
Project("{FAE04EC0-301F-11D3-BF4B-00C04F79EFBC}") = "eCommerce.API", "eCommerce.API\eCommerce.API.csproj", "{C938EB48-3406-474C-950A-1CD12FF4D5EC}"
EndProject
Project("{FAE04EC0-301F-11D3-BF4B-00C04F79EFBC}") = "eCommerce.Infrastructure", "eCommerce.Infrastructure\eCommerce.Infrastructure.csproj", "{AED616EF-E48A-48B5-BFE5-ADF5C02E05BE}"
EndProject
Project("{FAE04EC0-301F-11D3-BF4B-00C04F79EFBC}") = "eCommerce.Core", "eCommerce.Core\eCommerce.Core.csproj", "{74BA2400-B424-4BFD-8815-3AE20E16BF0F}"
EndProject
Global
	GlobalSection(SolutionConfigurationPlatforms) = preSolution
		Debug|Any CPU = Debug|Any CPU
		Release|Any CPU = Release|Any CPU
	EndGlobalSection
	GlobalSection(ProjectConfigurationPlatforms) = postSolution
		{C938EB48-3406-474C-950A-1CD12FF4D5EC}.Debug|Any CPU.ActiveCfg = Debug|Any CPU
		{C938EB48-3406-474C-950A-1CD12FF4D5EC}.Debug|Any CPU.Build.0 = Debug|Any CPU
		{C938EB48-3406-474C-950A-1CD12FF4D5EC}.Release|Any CPU.ActiveCfg = Release|Any CPU
		{C938EB48-3406-474C-950A-1CD12FF4D5EC}.Release|Any CPU.Build.0 = Release|Any CPU
		{AED616EF-E48A-48B5-BFE5-ADF5C02E05BE}.Debug|Any CPU.ActiveCfg = Debug|Any CPU
		{AED616EF-E48A-48B5-BFE5-ADF5C02E05BE}.Debug|Any CPU.Build.0 = Debug|Any CPU
		{AED616EF-E48A-48B5-BFE5-ADF5C02E05BE}.Release|Any CPU.ActiveCfg = Release|Any CPU
		{AED616EF-E48A-48B5-BFE5-ADF5C02E05BE}.Release|Any CPU.Build.0 = Release|Any CPU
		{74BA2400-B424-4BFD-8815-3AE20E16BF0F}.Debug|Any CPU.ActiveCfg = Debug|Any CPU
		{74BA2400-B424-4BFD-8815-3AE20E16BF0F}.Debug|Any CPU.Build.0 = Debug|Any CPU
		{74BA2400-B424-4BFD-8815-3AE20E16BF0F}.Release|Any CPU.ActiveCfg = Release|Any CPU
		{74BA2400-B424-4BFD-8815-3AE20E16BF0F}.Release|Any CPU.Build.0 = Release|Any CPU
	EndGlobalSection
	GlobalSection(SolutionProperties) = preSolution
		HideSolutionNode = FALSE
	EndGlobalSection
	GlobalSection(ExtensibilityGlobals) = postSolution
		SolutionGuid = {2EA16EB7-FF7B-4198-8C83-16F21B5941CC}
	EndGlobalSection
EndGlobal
